
Microsoft Visual Studio Solution File, Format Version 12.00
# Visual Studio 15
VisualStudioVersion = 15.0.26124.0
MinimumVisualStudioVersion = 15.0.26124.0
Project("{FAE04EC0-301F-11D3-BF4B-00C04F79EFBC}") = "DotNetCoreApp", "DotNetCoreApp\DotNetCoreApp.csproj", "{81D2288F-3A31-49B9-9383-20D50BE57594}"
EndProject
Project("{FAE04EC0-301F-11D3-BF4B-00C04F79EFBC}") = "DotNetCoreApp.Tests", "DotNetCoreApp.Tests\DotNetCoreApp.Tests.csproj", "{6BD8BB87-7823-4D8D-8364-C99FEB51673F}"
EndProject
Global
	GlobalSection(SolutionConfigurationPlatforms) = preSolution
		Debug|Any CPU = Debug|Any CPU
		Debug|x64 = Debug|x64
		Debug|x86 = Debug|x86
		Release|Any CPU = Release|Any CPU
		Release|x64 = Release|x64
		Release|x86 = Release|x86
	EndGlobalSection
	GlobalSection(SolutionProperties) = preSolution
		HideSolutionNode = FALSE
	EndGlobalSection
	GlobalSection(ProjectConfigurationPlatforms) = postSolution
		{81D2288F-3A31-49B9-9383-20D50BE57594}.Debug|Any CPU.ActiveCfg = Debug|Any CPU
		{81D2288F-3A31-49B9-9383-20D50BE57594}.Debug|Any CPU.Build.0 = Debug|Any CPU
		{81D2288F-3A31-49B9-9383-20D50BE57594}.Debug|x64.ActiveCfg = Debug|Any CPU
		{81D2288F-3A31-49B9-9383-20D50BE57594}.Debug|x64.Build.0 = Debug|Any CPU
		{81D2288F-3A31-49B9-9383-20D50BE57594}.Debug|x86.ActiveCfg = Debug|Any CPU
		{81D2288F-3A31-49B9-9383-20D50BE57594}.Debug|x86.Build.0 = Debug|Any CPU
		{81D2288F-3A31-49B9-9383-20D50BE57594}.Release|Any CPU.ActiveCfg = Release|Any CPU
		{81D2288F-3A31-49B9-9383-20D50BE57594}.Release|Any CPU.Build.0 = Release|Any CPU
		{81D2288F-3A31-49B9-9383-20D50BE57594}.Release|x64.ActiveCfg = Release|Any CPU
		{81D2288F-3A31-49B9-9383-20D50BE57594}.Release|x64.Build.0 = Release|Any CPU
		{81D2288F-3A31-49B9-9383-20D50BE57594}.Release|x86.ActiveCfg = Release|Any CPU
		{81D2288F-3A31-49B9-9383-20D50BE57594}.Release|x86.Build.0 = Release|Any CPU
		{6BD8BB87-7823-4D8D-8364-C99FEB51673F}.Debug|Any CPU.ActiveCfg = Debug|Any CPU
		{6BD8BB87-7823-4D8D-8364-C99FEB51673F}.Debug|Any CPU.Build.0 = Debug|Any CPU
		{6BD8BB87-7823-4D8D-8364-C99FEB51673F}.Debug|x64.ActiveCfg = Debug|Any CPU
		{6BD8BB87-7823-4D8D-8364-C99FEB51673F}.Debug|x64.Build.0 = Debug|Any CPU
		{6BD8BB87-7823-4D8D-8364-C99FEB51673F}.Debug|x86.ActiveCfg = Debug|Any CPU
		{6BD8BB87-7823-4D8D-8364-C99FEB51673F}.Debug|x86.Build.0 = Debug|Any CPU
		{6BD8BB87-7823-4D8D-8364-C99FEB51673F}.Release|Any CPU.ActiveCfg = Release|Any CPU
		{6BD8BB87-7823-4D8D-8364-C99FEB51673F}.Release|Any CPU.Build.0 = Release|Any CPU
		{6BD8BB87-7823-4D8D-8364-C99FEB51673F}.Release|x64.ActiveCfg = Release|Any CPU
		{6BD8BB87-7823-4D8D-8364-C99FEB51673F}.Release|x64.Build.0 = Release|Any CPU
		{6BD8BB87-7823-4D8D-8364-C99FEB51673F}.Release|x86.ActiveCfg = Release|Any CPU
		{6BD8BB87-7823-4D8D-8364-C99FEB51673F}.Release|x86.Build.0 = Release|Any CPU
	EndGlobalSection
EndGlobal
